{
  "name": "backend",
  "lockfileVersion": 3,
  "requires": true,
  "packages": {},
  "scripts": {
    "ci": {
      "name": "CI",
      "on": [
        "push",
        "pull_request"
      ],
      "jobs": {
        "test": {
          "runs-on": "ubuntu-latest",
          "steps": [
            {
              "uses": "actions/checkout@v4"
            },
            {
              "name": "Setup Python",
              "uses": "actions/setup-python@v4",
              "with": {
                "python-version": "3.9"
              }
            },
            {
              "name": "Install backend deps",
              "run": "python -m pip install --upgrade pip\n          pip install -r backend/requirements.txt"
            },
            {
              "name": "Run integration test",
              "run": "cd backend\n          python mock_feed.py\n          export GTFS_RT_URL=\"/tmp/feed.pb\"\n          python scripts/integration_test.py"
            }
          ]
        }
      }
    }
  }
}
